# This file is automatically @generated by Cargo.
# It is not intended for manual editing.
version = 3

[[package]]
name = "basm"
version = "0.1.0"
dependencies = [
 "winnow",
]

[[package]]
name = "brainfuck_interpreter"
version = "0.1.0"

[[package]]
name = "memchr"
version = "2.5.0"
source = "registry+https://github.com/rust-lang/crates.io-index"
checksum = "2dffe52ecf27772e601905b7522cb4ef790d2cc203488bbd0e2fe85fcb74566d"

[[package]]
name = "winnow"
version = "0.4.0"
source = "registry+https://github.com/rust-lang/crates.io-index"
checksum = "deac0939bd6e4f24ab5919fbf751c97a8cfc8543bb083a305ed5c0c10bb241d1"
dependencies = [
 "memchr",
]
